{
    "_readme": [
        "This file locks the dependencies of your project to a known state",
        "Read more about it at https://getcomposer.org/doc/01-basic-usage.md#installing-dependencies",
        "This file is @generated automatically"
    ],
    "content-hash": "864d5a1ea6c4334ebbe00ebd441b7c81",
    "packages": [
        {
            "name": "quasilyte/kphp-sdlite",
            "version": "dev-master",
            "source": {
                "type": "git",
                "url": "https://github.com/quasilyte/kphp-sdlite.git",
                "reference": "db27d0dbe5cf36d843da0a1b6ac647725b15d2a6"
            },
            "dist": {
                "type": "zip",
                "url": "https://api.github.com/repos/quasilyte/kphp-sdlite/zipball/db27d0dbe5cf36d843da0a1b6ac647725b15d2a6",
                "reference": "db27d0dbe5cf36d843da0a1b6ac647725b15d2a6",
                "shasum": ""
            },
            "require": {
                "php": ">=7.4"
            },
            "default-branch": true,
            "type": "library",
            "autoload": {
                "psr-4": {
                    "Quasilyte\\SDLite\\": "src/"
                }
            },
            "notification-url": "https://packagist.org/downloads/",
            "license": [
                "MIT"
            ],
            "authors": [
                {
                    "name": "Iskander Sharipov",
                    "email": "quasilyte@gmail.com"
                }
            ],
            "description": "Simple SDL framework for KPHP",
            "support": {
                "issues": "https://github.com/quasilyte/kphp-sdlite/issues",
                "source": "https://github.com/quasilyte/kphp-sdlite/tree/master"
            },
            "time": "2021-10-03T22:35:12+00:00"
        },
        {
            "name": "rybakit/msgpack",
            "version": "v0.7.2",
            "source": {
                "type": "git",
                "url": "https://github.com/rybakit/msgpack.php.git",
                "reference": "f3ad27e3e7eba2204e022ec175a981e6ccb97548"
            },
            "dist": {
                "type": "zip",
                "url": "https://api.github.com/repos/rybakit/msgpack.php/zipball/f3ad27e3e7eba2204e022ec175a981e6ccb97548",
                "reference": "f3ad27e3e7eba2204e022ec175a981e6ccb97548",
                "shasum": ""
            },
            "require": {
                "php": "^7.1.1|^8"
            },
            "require-dev": {
                "ext-gmp": "*",
                "friendsofphp/php-cs-fixer": "^2.14",
                "phpunit/phpunit": "^7.1|^8|^9"
            },
            "suggest": {
                "ext-decimal": "For converting overflowed integers to Decimal objects",
                "ext-gmp": "For converting overflowed integers to GMP objects"
            },
            "type": "library",
            "autoload": {
                "psr-4": {
                    "MessagePack\\": "src/"
                }
            },
            "notification-url": "https://packagist.org/downloads/",
            "license": [
                "MIT"
            ],
            "authors": [
                {
                    "name": "Eugene Leonovich",
                    "email": "gen.work@gmail.com"
                }
            ],
            "description": "A pure PHP implementation of the MessagePack serialization format.",
            "keywords": [
                "messagepack",
                "msgpack",
                "pure",
                "streaming"
            ],
            "support": {
                "issues": "https://github.com/rybakit/msgpack.php/issues",
                "source": "https://github.com/rybakit/msgpack.php/tree/v0.7.2"
            },
            "funding": [
                {
                    "url": "https://github.com/rybakit",
                    "type": "github"
                }
            ],
            "time": "2020-12-18T21:14:07+00:00"
        },
        {
            "name": "vkcom/kphp-polyfills",
            "version": "v1.0.13",
            "source": {
                "type": "git",
                "url": "https://github.com/VKCOM/kphp-polyfills.git",
                "reference": "3c6640c95e5d881c50b73c2f71ddfef82ac0b3ec"
            },
            "dist": {
                "type": "zip",
                "url": "https://api.github.com/repos/VKCOM/kphp-polyfills/zipball/3c6640c95e5d881c50b73c2f71ddfef82ac0b3ec",
                "reference": "3c6640c95e5d881c50b73c2f71ddfef82ac0b3ec",
                "shasum": ""
            },
            "require": {
                "rybakit/msgpack": "^0.7.0"
            },
            "type": "library",
            "autoload": {
                "psr-4": {
                    "KPHP\\": "src/"
                },
                "files": [
                    "kphp_polyfills.php"
                ]
            },
            "notification-url": "https://packagist.org/downloads/",
            "license": [
                "GPL-3.0-or-later"
            ],
            "description": "PHP implementations of functions supported by KPHP natively",
            "support": {
                "issues": "https://github.com/VKCOM/kphp-polyfills/issues",
                "source": "https://github.com/VKCOM/kphp-polyfills/tree/v1.0.13"
            },
            "time": "2021-09-15T10:49:42+00:00"
        }
    ],
    "packages-dev": [],
    "aliases": [],
    "minimum-stability": "stable",
    "stability-flags": {
        "quasilyte/kphp-sdlite": 20
    },
    "prefer-stable": false,
    "prefer-lowest": false,
    "platform": {
        "php": ">=7.4"
    },
    "platform-dev": [],
    "plugin-api-version": "2.1.0"
}
